
Microsoft Visual Studio Solution File, Format Version 12.00
# Visual Studio Version 16
VisualStudioVersion = 16.0.31515.178
MinimumVisualStudioVersion = 10.0.40219.1
Project("{FAE04EC0-301F-11D3-BF4B-00C04F79EFBC}") = "BenchmarkCore", "BenchmarkCore.csproj", "{75990C6F-0331-4651-8B34-B5C14F7770AD}"
EndProject
Project("{FAE04EC0-301F-11D3-BF4B-00C04F79EFBC}") = "TestCore", "..\TestCore\TestCore.csproj", "{92BEBA4B-81F0-4CC8-85C5-D5D676805D03}"
EndProject
Global
	GlobalSection(SolutionConfigurationPlatforms) = preSolution
		Debug|Any CPU = Debug|Any CPU
		Release|Any CPU = Release|Any CPU
	EndGlobalSection
	GlobalSection(ProjectConfigurationPlatforms) = postSolution
		{75990C6F-0331-4651-8B34-B5C14F7770AD}.Debug|Any CPU.ActiveCfg = Debug|Any CPU
		{75990C6F-0331-4651-8B34-B5C14F7770AD}.Debug|Any CPU.Build.0 = Debug|Any CPU
		{75990C6F-0331-4651-8B34-B5C14F7770AD}.Release|Any CPU.ActiveCfg = Release|Any CPU
		{75990C6F-0331-4651-8B34-B5C14F7770AD}.Release|Any CPU.Build.0 = Release|Any CPU
		{92BEBA4B-81F0-4CC8-85C5-D5D676805D03}.Debug|Any CPU.ActiveCfg = Debug|Any CPU
		{92BEBA4B-81F0-4CC8-85C5-D5D676805D03}.Debug|Any CPU.Build.0 = Debug|Any CPU
		{92BEBA4B-81F0-4CC8-85C5-D5D676805D03}.Release|Any CPU.ActiveCfg = Release|Any CPU
		{92BEBA4B-81F0-4CC8-85C5-D5D676805D03}.Release|Any CPU.Build.0 = Release|Any CPU
	EndGlobalSection
	GlobalSection(SolutionProperties) = preSolution
		HideSolutionNode = FALSE
	EndGlobalSection
	GlobalSection(ExtensibilityGlobals) = postSolution
		SolutionGuid = {75F83360-C4FB-474E-81D4-BADA9D8C81C5}
	EndGlobalSection
EndGlobal
